
Microsoft Visual Studio Solution File, Format Version 10.00
# Visual Studio 2008
Project("{FAE04EC0-301F-11D3-BF4B-00C04F79EFBC}") = "Boxes", "Boxes\Boxes.csproj", "{AB1099A8-52A1-4223-959A-9FBF133E238C}"
EndProject
Project("{FAE04EC0-301F-11D3-BF4B-00C04F79EFBC}") = "Boxes.Web", "Boxes.Web\Boxes.Web.csproj", "{ABD6AEBB-9F85-483C-B0F6-5CFF54573633}"
EndProject
Global
	GlobalSection(SolutionConfigurationPlatforms) = preSolution
		Debug|Any CPU = Debug|Any CPU
		Release|Any CPU = Release|Any CPU
	EndGlobalSection
	GlobalSection(ProjectConfigurationPlatforms) = postSolution
		{AB1099A8-52A1-4223-959A-9FBF133E238C}.Debug|Any CPU.ActiveCfg = Debug|Any CPU
		{AB1099A8-52A1-4223-959A-9FBF133E238C}.Debug|Any CPU.Build.0 = Debug|Any CPU
		{AB1099A8-52A1-4223-959A-9FBF133E238C}.Release|Any CPU.ActiveCfg = Release|Any CPU
		{AB1099A8-52A1-4223-959A-9FBF133E238C}.Release|Any CPU.Build.0 = Release|Any CPU
		{ABD6AEBB-9F85-483C-B0F6-5CFF54573633}.Debug|Any CPU.ActiveCfg = Debug|Any CPU
		{ABD6AEBB-9F85-483C-B0F6-5CFF54573633}.Debug|Any CPU.Build.0 = Debug|Any CPU
		{ABD6AEBB-9F85-483C-B0F6-5CFF54573633}.Release|Any CPU.ActiveCfg = Release|Any CPU
		{ABD6AEBB-9F85-483C-B0F6-5CFF54573633}.Release|Any CPU.Build.0 = Release|Any CPU
	EndGlobalSection
	GlobalSection(SolutionProperties) = preSolution
		HideSolutionNode = FALSE
	EndGlobalSection
EndGlobal
